<Solution>
    <Folder Name="/SolutionItems/">
        <File Path=".claudeignore" />
        <File Path=".gitignore" />
        <File Path="CLAUDE.md" />
        <File Path="Directory.Build.props" />
        <File Path="Directory.Packages.props" />
    </Folder>
    <Folder Name="/SolutionItems/docs/superpowers/specs/">
        <File Path="docs/superpowers/specs/2026-05-26-zoo-tycoon-launcher-design.md" />
        <File Path="docs/superpowers/specs/2026-05-28-startup-flow-design.md" />
        <File Path="docs/superpowers/specs/2026-06-03-launch-game-design.md" />
        <File Path="docs/superpowers/specs/2026-07-02-installation-grid-control-design.md" />
        <File Path="docs/superpowers/specs/2026-07-03-shared-boot-view-controls-design.md" />
    </Folder>
    <Folder Name="/SolutionItems/docs/" />
    <Folder Name="/SolutionItems/docs/superpowers/" />
    <Folder Name="/SolutionItems/docs/superpowers/plans/">
        <File Path="docs/superpowers/plans/2026-05-26-foundations-and-scaffolding.md" />
        <File Path="docs/superpowers/plans/2026-05-27-installation-lifecycle-core.md" />
        <File Path="docs/superpowers/plans/2026-05-28-startup-flow.md" />
        <File Path="docs/superpowers/plans/2026-06-03-launch-game.md" />
        <File Path="docs/superpowers/plans/2026-06-04-installation-flow-ui.md" />
        <File Path="docs/superpowers/plans/2026-07-02-installation-grid-control.md" />
    </Folder>
    <Folder Name="/SolutionItems/docs/test-plans/">
        <File Path="docs/test-plans/manual-end-to-end-tests.md" />
    </Folder>
    <Folder Name="/SolutionItems/docs/user-interface-design/">
        <File Path="docs/user-interface-design/conventions.md" />
        <File Path="docs/user-interface-design/ZooTycoonLauncherHiFiUIPrototype.gif" />
    </Folder>
    <Folder Name="/SolutionItems/docs/user-interface-design/HiFiMockupScreenshots/">
        <File Path="docs/user-interface-design/HiFiMockupScreenshots/AboutDialogue.png" />
        <File Path="docs/user-interface-design/HiFiMockupScreenshots/AddInstallationDialogue.png" />
        <File Path="docs/user-interface-design/HiFiMockupScreenshots/CannotPlayState.png" />
        <File Path="docs/user-interface-design/HiFiMockupScreenshots/ContentDialogue.png" />
        <File Path="docs/user-interface-design/HiFiMockupScreenshots/DeleteInstallationDialogue.png" />
        <File Path="docs/user-interface-design/HiFiMockupScreenshots/EditInstallationDialogue.png" />
        <File Path="docs/user-interface-design/HiFiMockupScreenshots/FixInstallationDialogueWithMissingExe.png" />
        <File Path="docs/user-interface-design/HiFiMockupScreenshots/FixInstallationDialogueWithMissingIni.png" />
        <File Path="docs/user-interface-design/HiFiMockupScreenshots/InstallationInfoDialogue.png" />
        <File Path="docs/user-interface-design/HiFiMockupScreenshots/InstallationManagerDialogue.png" />
        <File Path="docs/user-interface-design/HiFiMockupScreenshots/LookingForZooTycoonState.png" />
        <File Path="docs/user-interface-design/HiFiMockupScreenshots/NoGameInstallationFoundState.png" />
        <File Path="docs/user-interface-design/HiFiMockupScreenshots/OpenGameInstallationState.png" />
        <File Path="docs/user-interface-design/HiFiMockupScreenshots/ReadyToPlayStateWithGameOptimisation.png" />
        <File Path="docs/user-interface-design/HiFiMockupScreenshots/ReadyToPlayStateWithoutGameOptimisation.png" />
        <File Path="docs/user-interface-design/HiFiMockupScreenshots/RestorePreviousIniDialogueShowingDiff.png" />
        <File Path="docs/user-interface-design/HiFiMockupScreenshots/RestorePreviousIniDialogueShowingNoDiff.png" />
        <File Path="docs/user-interface-design/HiFiMockupScreenshots/SettingsDialogue.png" />
    </Folder>
    <Folder Name="/SolutionItems/docs/user-interface-design/ImplementationScreenshots/">
        <File Path="docs/user-interface-design/ImplementationScreenshots/LookingForZooTycoonState.png" />
        <File Path="docs/user-interface-design/ImplementationScreenshots/NoGameInstallationFoundState.png" />
        <File Path="docs/user-interface-design/ImplementationScreenshots/OpenGameInstallationState.png" />
    </Folder>
    <Folder Name="/Source/">
        <Project Path="Source/Erdmier.ZooTycoonLauncher.Domain/Erdmier.ZooTycoonLauncher.Domain.csproj" />
        <Project Path="Source/Erdmier.ZooTycoonLauncher.Application/Erdmier.ZooTycoonLauncher.Application.csproj" />
        <Project Path="Source/Erdmier.ZooTycoonLauncher.Infrastructure/Erdmier.ZooTycoonLauncher.Infrastructure.csproj" />
        <Project Path="Source/Erdmier.ZooTycoonLauncher.Desktop/Erdmier.ZooTycoonLauncher.Desktop.csproj" />
    </Folder>
    <Folder Name="/Tests/">
        <Project Path="Tests/Erdmier.ZooTycoonLauncher.Domain.Tests.Unit/Erdmier.ZooTycoonLauncher.Domain.Tests.Unit.csproj" />
        <Project Path="Tests/Erdmier.ZooTycoonLauncher.Application.Tests.Unit/Erdmier.ZooTycoonLauncher.Application.Tests.Unit.csproj" />
        <Project Path="Tests/Erdmier.ZooTycoonLauncher.Infrastructure.Tests.Integration/Erdmier.ZooTycoonLauncher.Infrastructure.Tests.Integration.csproj" />
        <Project Path="Tests/Erdmier.ZooTycoonLauncher.Tests.Architecture/Erdmier.ZooTycoonLauncher.Tests.Architecture.csproj" />
    </Folder>
    <Folder Name="/References/">
        <Project Path="References/Erdmier.ZooTycoonLauncherRef/Erdmier.ZooTycoonLauncherRef.csproj" />
    </Folder>
</Solution>
