<Solution>
    <Folder Name="/SolutionItems/">
        <File Path=".gitignore" />
        <File Path="CLAUDE.md" />
    </Folder>
    <Folder Name="/SolutionItems/docs/">
        <File Path="docs/SoftwareDesignDocumentRef.md" />
    </Folder>
    <Folder Name="/SolutionItems/docs/superpowers/specs/">
        <File Path="docs/superpowers/specs/2026-05-26-zoo-tycoon-launcher-design.md" />
    </Folder>
    <Folder Name="/References/">
        <Project Path="References/Erdmier.ZooTycoonLauncherRef/Erdmier.ZooTycoonLauncherRef.csproj" />
    </Folder>
</Solution>
